
Microsoft Visual Studio Solution File, Format Version 12.00
# Visual Studio Version 17
VisualStudioVersion = 17.0.32112.339
MinimumVisualStudioVersion = 10.0.40219.1
Project("{9A19103F-16F7-4668-BE54-9A1E7A4F7556}") = "PartialLoader", "Library\PartialLoader.csproj", "{B5EE93A8-71DA-4B7B-B4C7-D94B8D8CB1D9}"
EndProject
Project("{9A19103F-16F7-4668-BE54-9A1E7A4F7556}") = "TestPartialLoader", "Tests\TestPartialLoader.csproj", "{708DBC64-0D86-425A-B59A-AE64A08E2380}"
EndProject
Global
	GlobalSection(SolutionConfigurationPlatforms) = preSolution
		Debug|Any CPU = Debug|Any CPU
		Release|Any CPU = Release|Any CPU
	EndGlobalSection
	GlobalSection(ProjectConfigurationPlatforms) = postSolution
		{B5EE93A8-71DA-4B7B-B4C7-D94B8D8CB1D9}.Debug|Any CPU.ActiveCfg = Debug|Any CPU
		{B5EE93A8-71DA-4B7B-B4C7-D94B8D8CB1D9}.Debug|Any CPU.Build.0 = Debug|Any CPU
		{B5EE93A8-71DA-4B7B-B4C7-D94B8D8CB1D9}.Release|Any CPU.ActiveCfg = Release|Any CPU
		{B5EE93A8-71DA-4B7B-B4C7-D94B8D8CB1D9}.Release|Any CPU.Build.0 = Release|Any CPU
		{708DBC64-0D86-425A-B59A-AE64A08E2380}.Debug|Any CPU.ActiveCfg = Debug|Any CPU
		{708DBC64-0D86-425A-B59A-AE64A08E2380}.Debug|Any CPU.Build.0 = Debug|Any CPU
		{708DBC64-0D86-425A-B59A-AE64A08E2380}.Release|Any CPU.ActiveCfg = Release|Any CPU
		{708DBC64-0D86-425A-B59A-AE64A08E2380}.Release|Any CPU.Build.0 = Release|Any CPU
	EndGlobalSection
	GlobalSection(SolutionProperties) = preSolution
		HideSolutionNode = FALSE
	EndGlobalSection
	GlobalSection(ExtensibilityGlobals) = postSolution
		SolutionGuid = {670D6896-2E49-45E8-8662-1F61FCDE7586}
	EndGlobalSection
EndGlobal
